// !$*UTF8*$!
{
	archiveVersion = 1;
	classes = {
	};
	objectVersion = 77;
	objects = {

/* Begin PBXBuildFile section */
		069D54BC216CB2E87129BDF1 /* AudioFileLoader.swift in Sources */ = {isa = PBXBuildFile; fileRef = C91568AA7498575413EDF46D /* AudioFileLoader.swift */; };
		09BF64E9FFDB8A4377F721D8 /* NeuralSheetEngine in Frameworks */ = {isa = PBXBuildFile; productRef = 29498518F436E7FC865537DC /* NeuralSheetEngine */; };
		0C03555B18DC99182747690C /* PlaybackEngine+Transport.swift in Sources */ = {isa = PBXBuildFile; fileRef = D6D8A1F6AE3E8FA641FFEC58 /* PlaybackEngine+Transport.swift */; };
		114B5FE575AE9F7158D0D55A /* MidiOutput+iOS.swift in Sources */ = {isa = PBXBuildFile; fileRef = 1FC36307604DB1A338B4F2CA /* MidiOutput+iOS.swift */; };
		1AFA0BBB7E6B34D6451D5FD5 /* StemSeparator.swift in Sources */ = {isa = PBXBuildFile; fileRef = 7E2FF7355546FE6E86E6F168 /* StemSeparator.swift */; };
		1FC6C114F5EB243883182FF0 /* nsheet_stems.cpp in Sources */ = {isa = PBXBuildFile; fileRef = 23317E8AEEF4AAFE949E2DC7 /* nsheet_stems.cpp */; };
		2335EEB90EFA3D99F0D270B4 /* InstrumentSynthBank+Audition.swift in Sources */ = {isa = PBXBuildFile; fileRef = BC48D300B57BD8077795CBB6 /* InstrumentSynthBank+Audition.swift */; };
		28171975AA2FFA4EAF223940 /* PlaybackEngine+Lifecycle.swift in Sources */ = {isa = PBXBuildFile; fileRef = 897641DEB991F9073B52C67C /* PlaybackEngine+Lifecycle.swift */; };
		2D725B746393001147BAA6A2 /* PlaybackEngine.swift in Sources */ = {isa = PBXBuildFile; fileRef = C34A7F7AC3AC1E37BE06C65D /* PlaybackEngine.swift */; };
		3469BE535358830F044B2EBA /* NeuralSheetCore in Frameworks */ = {isa = PBXBuildFile; productRef = 29C282FB9AA070942A5DC935 /* NeuralSheetCore */; };
		4D6D9EC86F2A45D1B9F5DF07 /* Assets.xcassets in Resources */ = {isa = PBXBuildFile; fileRef = D020775408B048B92C1AE276 /* Assets.xcassets */; };
		58C2CA72644510B3246DEE71 /* SynthInstrument.swift in Sources */ = {isa = PBXBuildFile; fileRef = 640D8C9858F603029AEC4018 /* SynthInstrument.swift */; };
		65AFDED09D5E33BB8F728E9B /* Recorder.swift in Sources */ = {isa = PBXBuildFile; fileRef = B6D12E5EF025B8AD7A8F7FA5 /* Recorder.swift */; };
		69FE56DA39DEE18FC3CC1C4C /* ContentView.swift in Sources */ = {isa = PBXBuildFile; fileRef = FC249053BA8637E3134E9B96 /* ContentView.swift */; };
		718018CDD69D85F167A439DB /* InstrumentSynthBank.swift in Sources */ = {isa = PBXBuildFile; fileRef = 27DAE908F39A0CF7BE43D8E9 /* InstrumentSynthBank.swift */; };
		74C3F77B7218A0295A5FA90D /* NoteScheduler.swift in Sources */ = {isa = PBXBuildFile; fileRef = CE67184FD217E5FF0A4BB2E7 /* NoteScheduler.swift */; };
		76738E03A70664917AABC304 /* TranscriptionEngine.swift in Sources */ = {isa = PBXBuildFile; fileRef = 01DF1504F6115B749D70B214 /* TranscriptionEngine.swift */; };
		7E60F88D0081DA9F2B991A2F /* PlaybackEngine+Render.swift in Sources */ = {isa = PBXBuildFile; fileRef = 9B3D5CB6E881256ABE27AC91 /* PlaybackEngine+Render.swift */; };
		82A8F058B53BA6E0E47D9FEF /* stb_vorbis.c in Sources */ = {isa = PBXBuildFile; fileRef = BBC36832D4DC96BAFACEB669 /* stb_vorbis.c */; };
		8543EED6DF64204777288DBF /* PlaybackEngine+Poll.swift in Sources */ = {isa = PBXBuildFile; fileRef = 2A0074BE848C7BBDC9A95571 /* PlaybackEngine+Poll.swift */; };
		98AA275FBFA73CFE5A0BD466 /* InstrumentSynthBank+Click.swift in Sources */ = {isa = PBXBuildFile; fileRef = 165C904AE00B7E1F9478BD74 /* InstrumentSynthBank+Click.swift */; };
		9D5A00ABCDF9C49058FF2BBB /* PlaybackEngine+Input.swift in Sources */ = {isa = PBXBuildFile; fileRef = 3AD76373CFC75212E1F958FC /* PlaybackEngine+Input.swift */; };
		AE5D81C82C0E6008C0F6EF5F /* InstrumentSynthBank+SoundBank.swift in Sources */ = {isa = PBXBuildFile; fileRef = 052243AAB4D027C196C04FF2 /* InstrumentSynthBank+SoundBank.swift */; };
		B562B23A8E356262AFF58C8D /* VideoAudioExtractor.swift in Sources */ = {isa = PBXBuildFile; fileRef = 3F42D8FAD397C447B517DDA2 /* VideoAudioExtractor.swift */; };
		C5B75F665C784700508A030D /* OfflineRenderer+Source.swift in Sources */ = {isa = PBXBuildFile; fileRef = 0C6ACB6DFC02527238869F51 /* OfflineRenderer+Source.swift */; };
		C6695BD73416E4C4B0B93519 /* NeuralSheetApp.swift in Sources */ = {isa = PBXBuildFile; fileRef = 03BAAB8E7B6DAC10B47FBA96 /* NeuralSheetApp.swift */; };
		CBBD115ECF29F7FF6A76C117 /* PlaybackEngine+Session.swift in Sources */ = {isa = PBXBuildFile; fileRef = 7A415DC1264328088E2DD2A2 /* PlaybackEngine+Session.swift */; };
		CD5FC76DC204CC7546623F61 /* PlaybackEngine+Mix.swift in Sources */ = {isa = PBXBuildFile; fileRef = 0372A709F93BFA81CA9CABDF /* PlaybackEngine+Mix.swift */; };
		D00DD7549DA0986C015A7457 /* InstrumentSynthBank+Mix.swift in Sources */ = {isa = PBXBuildFile; fileRef = 5A45FCF8143DFA90E81E264A /* InstrumentSynthBank+Mix.swift */; };
		D38354151E799A8FC30615C1 /* StemFiles.swift in Sources */ = {isa = PBXBuildFile; fileRef = 2C2D55847A3F90A85BA70E83 /* StemFiles.swift */; };
		DF56ABE40398FFF5AEA90999 /* InstrumentSynthBank+DefaultBank.swift in Sources */ = {isa = PBXBuildFile; fileRef = C11A1EB5870C27BF3292450E /* InstrumentSynthBank+DefaultBank.swift */; };
		DFCC3D99822AAAEF4A02FF08 /* PlaybackEngine+Source.swift in Sources */ = {isa = PBXBuildFile; fileRef = 20811F454A56C430BC95FF13 /* PlaybackEngine+Source.swift */; };
		E634D3B49814BD56B667B8E0 /* OfflineRenderer.swift in Sources */ = {isa = PBXBuildFile; fileRef = 3D7934C2ACB2C3E53B28135E /* OfflineRenderer.swift */; };
		F8AFF459786F5BC55D3FDC87 /* InstrumentSynthBank+Render.swift in Sources */ = {isa = PBXBuildFile; fileRef = 9FDD01CAD3090DD466753E1D /* InstrumentSynthBank+Render.swift */; };
		FDEEFB38C39830F68867BA4F /* SourceAudio.swift in Sources */ = {isa = PBXBuildFile; fileRef = 21860F05E117BB0BEE501F35 /* SourceAudio.swift */; };
		FFA74B58B25AC53052DB2A44 /* Recorder+Files.swift in Sources */ = {isa = PBXBuildFile; fileRef = F1607585F612B7640B5D91B3 /* Recorder+Files.swift */; };
/* End PBXBuildFile section */

/* Begin PBXFileReference section */
		01DF1504F6115B749D70B214 /* TranscriptionEngine.swift */ = {isa = PBXFileReference; lastKnownFileType = sourcecode.swift; path = TranscriptionEngine.swift; sourceTree = "<group>"; };
		0372A709F93BFA81CA9CABDF /* PlaybackEngine+Mix.swift */ = {isa = PBXFileReference; lastKnownFileType = sourcecode.swift; path = "PlaybackEngine+Mix.swift"; sourceTree = "<group>"; };
		03BAAB8E7B6DAC10B47FBA96 /* NeuralSheetApp.swift */ = {isa = PBXFileReference; lastKnownFileType = sourcecode.swift; path = NeuralSheetApp.swift; sourceTree = "<group>"; };
		052243AAB4D027C196C04FF2 /* InstrumentSynthBank+SoundBank.swift */ = {isa = PBXFileReference; lastKnownFileType = sourcecode.swift; path = "InstrumentSynthBank+SoundBank.swift"; sourceTree = "<group>"; };
		0C6ACB6DFC02527238869F51 /* OfflineRenderer+Source.swift */ = {isa = PBXFileReference; lastKnownFileType = sourcecode.swift; path = "OfflineRenderer+Source.swift"; sourceTree = "<group>"; };
		165C904AE00B7E1F9478BD74 /* InstrumentSynthBank+Click.swift */ = {isa = PBXFileReference; lastKnownFileType = sourcecode.swift; path = "InstrumentSynthBank+Click.swift"; sourceTree = "<group>"; };
		1FC36307604DB1A338B4F2CA /* MidiOutput+iOS.swift */ = {isa = PBXFileReference; lastKnownFileType = sourcecode.swift; path = "MidiOutput+iOS.swift"; sourceTree = "<group>"; };
		20811F454A56C430BC95FF13 /* PlaybackEngine+Source.swift */ = {isa = PBXFileReference; lastKnownFileType = sourcecode.swift; path = "PlaybackEngine+Source.swift"; sourceTree = "<group>"; };
		21860F05E117BB0BEE501F35 /* SourceAudio.swift */ = {isa = PBXFileReference; lastKnownFileType = sourcecode.swift; path = SourceAudio.swift; sourceTree = "<group>"; };
		23317E8AEEF4AAFE949E2DC7 /* nsheet_stems.cpp */ = {isa = PBXFileReference; lastKnownFileType = sourcecode.cpp.cpp; path = nsheet_stems.cpp; sourceTree = "<group>"; };
		27BF13E12DFEE010EEF7B836 /* NeuralSheetCore */ = {isa = PBXFileReference; lastKnownFileType = folder; name = NeuralSheetCore; path = ../app/Packages/NeuralSheetCore; sourceTree = SOURCE_ROOT; };
		27DAE908F39A0CF7BE43D8E9 /* InstrumentSynthBank.swift */ = {isa = PBXFileReference; lastKnownFileType = sourcecode.swift; path = InstrumentSynthBank.swift; sourceTree = "<group>"; };
		2A0074BE848C7BBDC9A95571 /* PlaybackEngine+Poll.swift */ = {isa = PBXFileReference; lastKnownFileType = sourcecode.swift; path = "PlaybackEngine+Poll.swift"; sourceTree = "<group>"; };
		2A6F2FA61179724EEFDCA2DF /* Info.plist */ = {isa = PBXFileReference; lastKnownFileType = text.plist; path = Info.plist; sourceTree = "<group>"; };
		2C2D55847A3F90A85BA70E83 /* StemFiles.swift */ = {isa = PBXFileReference; lastKnownFileType = sourcecode.swift; path = StemFiles.swift; sourceTree = "<group>"; };
		3AD76373CFC75212E1F958FC /* PlaybackEngine+Input.swift */ = {isa = PBXFileReference; lastKnownFileType = sourcecode.swift; path = "PlaybackEngine+Input.swift"; sourceTree = "<group>"; };
		3D7934C2ACB2C3E53B28135E /* OfflineRenderer.swift */ = {isa = PBXFileReference; lastKnownFileType = sourcecode.swift; path = OfflineRenderer.swift; sourceTree = "<group>"; };
		3F42D8FAD397C447B517DDA2 /* VideoAudioExtractor.swift */ = {isa = PBXFileReference; lastKnownFileType = sourcecode.swift; path = VideoAudioExtractor.swift; sourceTree = "<group>"; };
		4B149A6B93FC14D59A40B663 /* NeuralSheet.app */ = {isa = PBXFileReference; includeInIndex = 0; lastKnownFileType = wrapper.application; path = NeuralSheet.app; sourceTree = BUILT_PRODUCTS_DIR; };
		5A45FCF8143DFA90E81E264A /* InstrumentSynthBank+Mix.swift */ = {isa = PBXFileReference; lastKnownFileType = sourcecode.swift; path = "InstrumentSynthBank+Mix.swift"; sourceTree = "<group>"; };
		640D8C9858F603029AEC4018 /* SynthInstrument.swift */ = {isa = PBXFileReference; lastKnownFileType = sourcecode.swift; path = SynthInstrument.swift; sourceTree = "<group>"; };
		64AFE2DF14117775CB15A796 /* stb_vorbis.h */ = {isa = PBXFileReference; lastKnownFileType = sourcecode.c.h; path = stb_vorbis.h; sourceTree = "<group>"; };
		7A415DC1264328088E2DD2A2 /* PlaybackEngine+Session.swift */ = {isa = PBXFileReference; lastKnownFileType = sourcecode.swift; path = "PlaybackEngine+Session.swift"; sourceTree = "<group>"; };
		7E2FF7355546FE6E86E6F168 /* StemSeparator.swift */ = {isa = PBXFileReference; lastKnownFileType = sourcecode.swift; path = StemSeparator.swift; sourceTree = "<group>"; };
		897641DEB991F9073B52C67C /* PlaybackEngine+Lifecycle.swift */ = {isa = PBXFileReference; lastKnownFileType = sourcecode.swift; path = "PlaybackEngine+Lifecycle.swift"; sourceTree = "<group>"; };
		9B3D5CB6E881256ABE27AC91 /* PlaybackEngine+Render.swift */ = {isa = PBXFileReference; lastKnownFileType = sourcecode.swift; path = "PlaybackEngine+Render.swift"; sourceTree = "<group>"; };
		9FDD01CAD3090DD466753E1D /* InstrumentSynthBank+Render.swift */ = {isa = PBXFileReference; lastKnownFileType = sourcecode.swift; path = "InstrumentSynthBank+Render.swift"; sourceTree = "<group>"; };
		AC7691234BF45FA9084BBACF /* NeuralSheetEngine */ = {isa = PBXFileReference; lastKnownFileType = folder; name = NeuralSheetEngine; path = ../app/Packages/NeuralSheetEngine; sourceTree = SOURCE_ROOT; };
		B6D12E5EF025B8AD7A8F7FA5 /* Recorder.swift */ = {isa = PBXFileReference; lastKnownFileType = sourcecode.swift; path = Recorder.swift; sourceTree = "<group>"; };
		BBC36832D4DC96BAFACEB669 /* stb_vorbis.c */ = {isa = PBXFileReference; lastKnownFileType = sourcecode.c.c; path = stb_vorbis.c; sourceTree = "<group>"; };
		BC48D300B57BD8077795CBB6 /* InstrumentSynthBank+Audition.swift */ = {isa = PBXFileReference; lastKnownFileType = sourcecode.swift; path = "InstrumentSynthBank+Audition.swift"; sourceTree = "<group>"; };
		C11A1EB5870C27BF3292450E /* InstrumentSynthBank+DefaultBank.swift */ = {isa = PBXFileReference; lastKnownFileType = sourcecode.swift; path = "InstrumentSynthBank+DefaultBank.swift"; sourceTree = "<group>"; };
		C34A7F7AC3AC1E37BE06C65D /* PlaybackEngine.swift */ = {isa = PBXFileReference; lastKnownFileType = sourcecode.swift; path = PlaybackEngine.swift; sourceTree = "<group>"; };
		C91568AA7498575413EDF46D /* AudioFileLoader.swift */ = {isa = PBXFileReference; lastKnownFileType = sourcecode.swift; path = AudioFileLoader.swift; sourceTree = "<group>"; };
		CAC0ECC1C2232C49E4563E40 /* nsheet_stems.h */ = {isa = PBXFileReference; lastKnownFileType = sourcecode.c.h; path = nsheet_stems.h; sourceTree = "<group>"; };
		CE67184FD217E5FF0A4BB2E7 /* NoteScheduler.swift */ = {isa = PBXFileReference; lastKnownFileType = sourcecode.swift; path = NoteScheduler.swift; sourceTree = "<group>"; };
		D020775408B048B92C1AE276 /* Assets.xcassets */ = {isa = PBXFileReference; lastKnownFileType = folder.assetcatalog; path = Assets.xcassets; sourceTree = "<group>"; };
		D6D8A1F6AE3E8FA641FFEC58 /* PlaybackEngine+Transport.swift */ = {isa = PBXFileReference; lastKnownFileType = sourcecode.swift; path = "PlaybackEngine+Transport.swift"; sourceTree = "<group>"; };
		F1607585F612B7640B5D91B3 /* Recorder+Files.swift */ = {isa = PBXFileReference; lastKnownFileType = sourcecode.swift; path = "Recorder+Files.swift"; sourceTree = "<group>"; };
		FC249053BA8637E3134E9B96 /* ContentView.swift */ = {isa = PBXFileReference; lastKnownFileType = sourcecode.swift; path = ContentView.swift; sourceTree = "<group>"; };
		FE54E2BC7CFC1D8DBA29014E /* NeuralSheet-Bridging-Header.h */ = {isa = PBXFileReference; lastKnownFileType = sourcecode.c.h; path = "NeuralSheet-Bridging-Header.h"; sourceTree = "<group>"; };
/* End PBXFileReference section */

/* Begin PBXFrameworksBuildPhase section */
		C34E53C1B18087C87DDFDA7B /* Frameworks */ = {
			isa = PBXFrameworksBuildPhase;
			buildActionMask = 2147483647;
			files = (
				3469BE535358830F044B2EBA /* NeuralSheetCore in Frameworks */,
				09BF64E9FFDB8A4377F721D8 /* NeuralSheetEngine in Frameworks */,
			);
			runOnlyForDeploymentPostprocessing = 0;
		};
/* End PBXFrameworksBuildPhase section */

/* Begin PBXGroup section */
		0B0C06A4EEC7BAFB1526B72C /* Products */ = {
			isa = PBXGroup;
			children = (
				4B149A6B93FC14D59A40B663 /* NeuralSheet.app */,
			);
			name = Products;
			sourceTree = "<group>";
		};
		12C5103528E1838BF112B5F4 /* neural-sheet */ = {
			isa = PBXGroup;
			children = (
				B2CE418191E10EECCBA25398 /* app */,
			);
			name = "neural-sheet";
			path = ..;
			sourceTree = "<group>";
		};
		2BD5675C191DEC69F37EEC4E /* NeuralSheet */ = {
			isa = PBXGroup;
			children = (
				D020775408B048B92C1AE276 /* Assets.xcassets */,
				FC249053BA8637E3134E9B96 /* ContentView.swift */,
				2A6F2FA61179724EEFDCA2DF /* Info.plist */,
				FE54E2BC7CFC1D8DBA29014E /* NeuralSheet-Bridging-Header.h */,
				03BAAB8E7B6DAC10B47FBA96 /* NeuralSheetApp.swift */,
				A90E3DAD69E9E16CF2651F4D /* Audio */,
			);
			path = NeuralSheet;
			sourceTree = "<group>";
		};
		323CE07C7D3A82F3AB5F4749 = {
			isa = PBXGroup;
			children = (
				12C5103528E1838BF112B5F4 /* neural-sheet */,
				2BD5675C191DEC69F37EEC4E /* NeuralSheet */,
				C992E487CDD65C0DB420C4DD /* Packages */,
				0B0C06A4EEC7BAFB1526B72C /* Products */,
			);
			sourceTree = "<group>";
		};
		35F913E1AF06E8D34A2517C6 /* Audio */ = {
			isa = PBXGroup;
			children = (
				C91568AA7498575413EDF46D /* AudioFileLoader.swift */,
				27DAE908F39A0CF7BE43D8E9 /* InstrumentSynthBank.swift */,
				BC48D300B57BD8077795CBB6 /* InstrumentSynthBank+Audition.swift */,
				165C904AE00B7E1F9478BD74 /* InstrumentSynthBank+Click.swift */,
				5A45FCF8143DFA90E81E264A /* InstrumentSynthBank+Mix.swift */,
				9FDD01CAD3090DD466753E1D /* InstrumentSynthBank+Render.swift */,
				052243AAB4D027C196C04FF2 /* InstrumentSynthBank+SoundBank.swift */,
				CE67184FD217E5FF0A4BB2E7 /* NoteScheduler.swift */,
				3D7934C2ACB2C3E53B28135E /* OfflineRenderer.swift */,
				0C6ACB6DFC02527238869F51 /* OfflineRenderer+Source.swift */,
				C34A7F7AC3AC1E37BE06C65D /* PlaybackEngine.swift */,
				897641DEB991F9073B52C67C /* PlaybackEngine+Lifecycle.swift */,
				0372A709F93BFA81CA9CABDF /* PlaybackEngine+Mix.swift */,
				2A0074BE848C7BBDC9A95571 /* PlaybackEngine+Poll.swift */,
				9B3D5CB6E881256ABE27AC91 /* PlaybackEngine+Render.swift */,
				20811F454A56C430BC95FF13 /* PlaybackEngine+Source.swift */,
				D6D8A1F6AE3E8FA641FFEC58 /* PlaybackEngine+Transport.swift */,
				B6D12E5EF025B8AD7A8F7FA5 /* Recorder.swift */,
				F1607585F612B7640B5D91B3 /* Recorder+Files.swift */,
				21860F05E117BB0BEE501F35 /* SourceAudio.swift */,
				2C2D55847A3F90A85BA70E83 /* StemFiles.swift */,
				640D8C9858F603029AEC4018 /* SynthInstrument.swift */,
				3F42D8FAD397C447B517DDA2 /* VideoAudioExtractor.swift */,
			);
			path = Audio;
			sourceTree = "<group>";
		};
		74EE18680DC1608AF2E8BBA0 /* NeuralSheet */ = {
			isa = PBXGroup;
			children = (
				35F913E1AF06E8D34A2517C6 /* Audio */,
				C64AA8171CB7916A1C3DA79C /* Decoders */,
				E874C823CBA969CC2EE504F8 /* Engine */,
			);
			path = NeuralSheet;
			sourceTree = "<group>";
		};
		A90E3DAD69E9E16CF2651F4D /* Audio */ = {
			isa = PBXGroup;
			children = (
				C11A1EB5870C27BF3292450E /* InstrumentSynthBank+DefaultBank.swift */,
				1FC36307604DB1A338B4F2CA /* MidiOutput+iOS.swift */,
				3AD76373CFC75212E1F958FC /* PlaybackEngine+Input.swift */,
				7A415DC1264328088E2DD2A2 /* PlaybackEngine+Session.swift */,
			);
			path = Audio;
			sourceTree = "<group>";
		};
		B2CE418191E10EECCBA25398 /* app */ = {
			isa = PBXGroup;
			children = (
				74EE18680DC1608AF2E8BBA0 /* NeuralSheet */,
			);
			path = app;
			sourceTree = "<group>";
		};
		C64AA8171CB7916A1C3DA79C /* Decoders */ = {
			isa = PBXGroup;
			children = (
				BBC36832D4DC96BAFACEB669 /* stb_vorbis.c */,
				64AFE2DF14117775CB15A796 /* stb_vorbis.h */,
			);
			path = Decoders;
			sourceTree = "<group>";
		};
		C992E487CDD65C0DB420C4DD /* Packages */ = {
			isa = PBXGroup;
			children = (
				27BF13E12DFEE010EEF7B836 /* NeuralSheetCore */,
				AC7691234BF45FA9084BBACF /* NeuralSheetEngine */,
			);
			name = Packages;
			sourceTree = "<group>";
		};
		E874C823CBA969CC2EE504F8 /* Engine */ = {
			isa = PBXGroup;
			children = (
				23317E8AEEF4AAFE949E2DC7 /* nsheet_stems.cpp */,
				CAC0ECC1C2232C49E4563E40 /* nsheet_stems.h */,
				7E2FF7355546FE6E86E6F168 /* StemSeparator.swift */,
				01DF1504F6115B749D70B214 /* TranscriptionEngine.swift */,
			);
			path = Engine;
			sourceTree = "<group>";
		};
/* End PBXGroup section */

/* Begin PBXNativeTarget section */
		C22D53D5FD5EAC4331A1EEF8 /* NeuralSheet */ = {
			isa = PBXNativeTarget;
			buildConfigurationList = A04DB60C19961CF5B540E6E1 /* Build configuration list for PBXNativeTarget "NeuralSheet" */;
			buildPhases = (
				A3C369FA012200F94ED22D7C /* Build engine */,
				52F28C40D51DB0970E62C39F /* Sources */,
				2B3B5D19439DAA1EB6B651A0 /* Resources */,
				C34E53C1B18087C87DDFDA7B /* Frameworks */,
			);
			buildRules = (
			);
			dependencies = (
			);
			name = NeuralSheet;
			packageProductDependencies = (
				29C282FB9AA070942A5DC935 /* NeuralSheetCore */,
				29498518F436E7FC865537DC /* NeuralSheetEngine */,
			);
			productName = NeuralSheet;
			productReference = 4B149A6B93FC14D59A40B663 /* NeuralSheet.app */;
			productType = "com.apple.product-type.application";
		};
/* End PBXNativeTarget section */

/* Begin PBXProject section */
		492061A242D07609A8A3CE77 /* Project object */ = {
			isa = PBXProject;
			attributes = {
				BuildIndependentTargetsInParallel = YES;
				LastUpgradeCheck = 1430;
				TargetAttributes = {
					C22D53D5FD5EAC4331A1EEF8 = {
						DevelopmentTeam = 6WCYZER5LX;
						ProvisioningStyle = Automatic;
					};
				};
			};
			buildConfigurationList = AA2654F657AD8164FF9CFD34 /* Build configuration list for PBXProject "NeuralSheet-iOS" */;
			developmentRegion = en;
			hasScannedForEncodings = 0;
			knownRegions = (
				Base,
				en,
			);
			mainGroup = 323CE07C7D3A82F3AB5F4749;
			minimizedProjectReferenceProxies = 1;
			packageReferences = (
				B7B6768F8AFF89705E2FFB2D /* XCLocalSwiftPackageReference "../app/Packages/NeuralSheetCore" */,
				26F519F5F1000FF9EFCA4C86 /* XCLocalSwiftPackageReference "../app/Packages/NeuralSheetEngine" */,
			);
			preferredProjectObjectVersion = 77;
			productRefGroup = 0B0C06A4EEC7BAFB1526B72C /* Products */;
			projectDirPath = "";
			projectRoot = "";
			targets = (
				C22D53D5FD5EAC4331A1EEF8 /* NeuralSheet */,
			);
		};
/* End PBXProject section */

/* Begin PBXResourcesBuildPhase section */
		2B3B5D19439DAA1EB6B651A0 /* Resources */ = {
			isa = PBXResourcesBuildPhase;
			buildActionMask = 2147483647;
			files = (
				4D6D9EC86F2A45D1B9F5DF07 /* Assets.xcassets in Resources */,
			);
			runOnlyForDeploymentPostprocessing = 0;
		};
/* End PBXResourcesBuildPhase section */

/* Begin PBXShellScriptBuildPhase section */
		A3C369FA012200F94ED22D7C /* Build engine */ = {
			isa = PBXShellScriptBuildPhase;
			alwaysOutOfDate = 1;
			buildActionMask = 2147483647;
			files = (
			);
			inputFileListPaths = (
			);
			inputPaths = (
			);
			name = "Build engine";
			outputFileListPaths = (
			);
			outputPaths = (
			);
			runOnlyForDeploymentPostprocessing = 0;
			shellPath = /bin/sh;
			shellScript = "case \"$PLATFORM_NAME\" in\n    iphoneos) platform=ios ;;\n    iphonesimulator) platform=iossimulator ;;\n    *) echo \"error: unsupported platform $PLATFORM_NAME\" >&2; exit 1 ;;\nesac\n\"$SRCROOT/../app/Scripts/build-engine.sh\" \"$platform\"\n";
		};
/* End PBXShellScriptBuildPhase section */

/* Begin PBXSourcesBuildPhase section */
		52F28C40D51DB0970E62C39F /* Sources */ = {
			isa = PBXSourcesBuildPhase;
			buildActionMask = 2147483647;
			files = (
				069D54BC216CB2E87129BDF1 /* AudioFileLoader.swift in Sources */,
				69FE56DA39DEE18FC3CC1C4C /* ContentView.swift in Sources */,
				2335EEB90EFA3D99F0D270B4 /* InstrumentSynthBank+Audition.swift in Sources */,
				98AA275FBFA73CFE5A0BD466 /* InstrumentSynthBank+Click.swift in Sources */,
				DF56ABE40398FFF5AEA90999 /* InstrumentSynthBank+DefaultBank.swift in Sources */,
				D00DD7549DA0986C015A7457 /* InstrumentSynthBank+Mix.swift in Sources */,
				F8AFF459786F5BC55D3FDC87 /* InstrumentSynthBank+Render.swift in Sources */,
				AE5D81C82C0E6008C0F6EF5F /* InstrumentSynthBank+SoundBank.swift in Sources */,
				718018CDD69D85F167A439DB /* InstrumentSynthBank.swift in Sources */,
				114B5FE575AE9F7158D0D55A /* MidiOutput+iOS.swift in Sources */,
				C6695BD73416E4C4B0B93519 /* NeuralSheetApp.swift in Sources */,
				74C3F77B7218A0295A5FA90D /* NoteScheduler.swift in Sources */,
				C5B75F665C784700508A030D /* OfflineRenderer+Source.swift in Sources */,
				E634D3B49814BD56B667B8E0 /* OfflineRenderer.swift in Sources */,
				9D5A00ABCDF9C49058FF2BBB /* PlaybackEngine+Input.swift in Sources */,
				28171975AA2FFA4EAF223940 /* PlaybackEngine+Lifecycle.swift in Sources */,
				CD5FC76DC204CC7546623F61 /* PlaybackEngine+Mix.swift in Sources */,
				8543EED6DF64204777288DBF /* PlaybackEngine+Poll.swift in Sources */,
				7E60F88D0081DA9F2B991A2F /* PlaybackEngine+Render.swift in Sources */,
				CBBD115ECF29F7FF6A76C117 /* PlaybackEngine+Session.swift in Sources */,
				DFCC3D99822AAAEF4A02FF08 /* PlaybackEngine+Source.swift in Sources */,
				0C03555B18DC99182747690C /* PlaybackEngine+Transport.swift in Sources */,
				2D725B746393001147BAA6A2 /* PlaybackEngine.swift in Sources */,
				FFA74B58B25AC53052DB2A44 /* Recorder+Files.swift in Sources */,
				65AFDED09D5E33BB8F728E9B /* Recorder.swift in Sources */,
				FDEEFB38C39830F68867BA4F /* SourceAudio.swift in Sources */,
				D38354151E799A8FC30615C1 /* StemFiles.swift in Sources */,
				1AFA0BBB7E6B34D6451D5FD5 /* StemSeparator.swift in Sources */,
				58C2CA72644510B3246DEE71 /* SynthInstrument.swift in Sources */,
				76738E03A70664917AABC304 /* TranscriptionEngine.swift in Sources */,
				B562B23A8E356262AFF58C8D /* VideoAudioExtractor.swift in Sources */,
				1FC6C114F5EB243883182FF0 /* nsheet_stems.cpp in Sources */,
				82A8F058B53BA6E0E47D9FEF /* stb_vorbis.c in Sources */,
			);
			runOnlyForDeploymentPostprocessing = 0;
		};
/* End PBXSourcesBuildPhase section */

/* Begin XCBuildConfiguration section */
		335BE42F9C80EE51DA7D8B6F /* Release */ = {
			isa = XCBuildConfiguration;
			buildSettings = {
				ALWAYS_SEARCH_USER_PATHS = NO;
				ARCHS = arm64;
				CLANG_ANALYZER_NONNULL = YES;
				CLANG_ANALYZER_NUMBER_OBJECT_CONVERSION = YES_AGGRESSIVE;
				CLANG_CXX_LANGUAGE_STANDARD = "c++23";
				CLANG_CXX_LIBRARY = "libc++";
				CLANG_ENABLE_MODULES = YES;
				CLANG_ENABLE_OBJC_ARC = YES;
				CLANG_ENABLE_OBJC_WEAK = YES;
				CLANG_WARN_BLOCK_CAPTURE_AUTORELEASING = YES;
				CLANG_WARN_BOOL_CONVERSION = YES;
				CLANG_WARN_COMMA = YES;
				CLANG_WARN_CONSTANT_CONVERSION = YES;
				CLANG_WARN_DEPRECATED_OBJC_IMPLEMENTATIONS = YES;
				CLANG_WARN_DIRECT_OBJC_ISA_USAGE = YES_ERROR;
				CLANG_WARN_DOCUMENTATION_COMMENTS = YES;
				CLANG_WARN_EMPTY_BODY = YES;
				CLANG_WARN_ENUM_CONVERSION = YES;
				CLANG_WARN_INFINITE_RECURSION = YES;
				CLANG_WARN_INT_CONVERSION = YES;
				CLANG_WARN_NON_LITERAL_NULL_CONVERSION = YES;
				CLANG_WARN_OBJC_IMPLICIT_RETAIN_SELF = YES;
				CLANG_WARN_OBJC_LITERAL_CONVERSION = YES;
				CLANG_WARN_OBJC_ROOT_CLASS = YES_ERROR;
				CLANG_WARN_QUOTED_INCLUDE_IN_FRAMEWORK_HEADER = YES;
				CLANG_WARN_RANGE_LOOP_ANALYSIS = YES;
				CLANG_WARN_STRICT_PROTOTYPES = YES;
				CLANG_WARN_SUSPICIOUS_MOVE = YES;
				CLANG_WARN_UNGUARDED_AVAILABILITY = YES_AGGRESSIVE;
				CLANG_WARN_UNREACHABLE_CODE = YES;
				CLANG_WARN__DUPLICATE_METHOD_MATCH = YES;
				COPY_PHASE_STRIP = NO;
				DEAD_CODE_STRIPPING = YES;
				DEBUG_INFORMATION_FORMAT = "dwarf-with-dsym";
				ENABLE_NS_ASSERTIONS = NO;
				ENABLE_STRICT_OBJC_MSGSEND = YES;
				ENABLE_USER_SCRIPT_SANDBOXING = NO;
				GCC_C_LANGUAGE_STANDARD = gnu17;
				GCC_NO_COMMON_BLOCKS = YES;
				GCC_WARN_64_TO_32_BIT_CONVERSION = YES;
				GCC_WARN_ABOUT_RETURN_TYPE = YES_ERROR;
				GCC_WARN_UNDECLARED_SELECTOR = YES;
				GCC_WARN_UNINITIALIZED_AUTOS = YES_AGGRESSIVE;
				GCC_WARN_UNUSED_FUNCTION = YES;
				GCC_WARN_UNUSED_VARIABLE = YES;
				IPHONEOS_DEPLOYMENT_TARGET = 26.0;
				LOCALIZATION_PREFERS_STRING_CATALOGS = YES;
				MTL_ENABLE_DEBUG_INFO = NO;
				MTL_FAST_MATH = YES;
				PRODUCT_NAME = "$(TARGET_NAME)";
				SDKROOT = iphoneos;
				STRING_CATALOG_GENERATE_SYMBOLS = YES;
				SWIFT_APPROACHABLE_CONCURRENCY = YES;
				SWIFT_COMPILATION_MODE = wholemodule;
				SWIFT_DEFAULT_ACTOR_ISOLATION = MainActor;
				SWIFT_EMIT_LOC_STRINGS = YES;
				SWIFT_OPTIMIZATION_LEVEL = "-O";
				SWIFT_UPCOMING_FEATURE_MEMBER_IMPORT_VISIBILITY = YES;
				SWIFT_VERSION = 5.0;
			};
			name = Release;
		};
		57C9CFCD22E54BB09FFA4DD5 /* Debug */ = {
			isa = XCBuildConfiguration;
			buildSettings = {
				ALWAYS_SEARCH_USER_PATHS = NO;
				ARCHS = arm64;
				CLANG_ANALYZER_NONNULL = YES;
				CLANG_ANALYZER_NUMBER_OBJECT_CONVERSION = YES_AGGRESSIVE;
				CLANG_CXX_LANGUAGE_STANDARD = "c++23";
				CLANG_CXX_LIBRARY = "libc++";
				CLANG_ENABLE_MODULES = YES;
				CLANG_ENABLE_OBJC_ARC = YES;
				CLANG_ENABLE_OBJC_WEAK = YES;
				CLANG_WARN_BLOCK_CAPTURE_AUTORELEASING = YES;
				CLANG_WARN_BOOL_CONVERSION = YES;
				CLANG_WARN_COMMA = YES;
				CLANG_WARN_CONSTANT_CONVERSION = YES;
				CLANG_WARN_DEPRECATED_OBJC_IMPLEMENTATIONS = YES;
				CLANG_WARN_DIRECT_OBJC_ISA_USAGE = YES_ERROR;
				CLANG_WARN_DOCUMENTATION_COMMENTS = YES;
				CLANG_WARN_EMPTY_BODY = YES;
				CLANG_WARN_ENUM_CONVERSION = YES;
				CLANG_WARN_INFINITE_RECURSION = YES;
				CLANG_WARN_INT_CONVERSION = YES;
				CLANG_WARN_NON_LITERAL_NULL_CONVERSION = YES;
				CLANG_WARN_OBJC_IMPLICIT_RETAIN_SELF = YES;
				CLANG_WARN_OBJC_LITERAL_CONVERSION = YES;
				CLANG_WARN_OBJC_ROOT_CLASS = YES_ERROR;
				CLANG_WARN_QUOTED_INCLUDE_IN_FRAMEWORK_HEADER = YES;
				CLANG_WARN_RANGE_LOOP_ANALYSIS = YES;
				CLANG_WARN_STRICT_PROTOTYPES = YES;
				CLANG_WARN_SUSPICIOUS_MOVE = YES;
				CLANG_WARN_UNGUARDED_AVAILABILITY = YES_AGGRESSIVE;
				CLANG_WARN_UNREACHABLE_CODE = YES;
				CLANG_WARN__DUPLICATE_METHOD_MATCH = YES;
				COPY_PHASE_STRIP = NO;
				DEAD_CODE_STRIPPING = YES;
				DEBUG_INFORMATION_FORMAT = dwarf;
				ENABLE_STRICT_OBJC_MSGSEND = YES;
				ENABLE_TESTABILITY = YES;
				ENABLE_USER_SCRIPT_SANDBOXING = NO;
				GCC_C_LANGUAGE_STANDARD = gnu17;
				GCC_DYNAMIC_NO_PIC = NO;
				GCC_NO_COMMON_BLOCKS = YES;
				GCC_OPTIMIZATION_LEVEL = 0;
				GCC_PREPROCESSOR_DEFINITIONS = (
					"$(inherited)",
					"DEBUG=1",
				);
				GCC_WARN_64_TO_32_BIT_CONVERSION = YES;
				GCC_WARN_ABOUT_RETURN_TYPE = YES_ERROR;
				GCC_WARN_UNDECLARED_SELECTOR = YES;
				GCC_WARN_UNINITIALIZED_AUTOS = YES_AGGRESSIVE;
				GCC_WARN_UNUSED_FUNCTION = YES;
				GCC_WARN_UNUSED_VARIABLE = YES;
				IPHONEOS_DEPLOYMENT_TARGET = 26.0;
				LOCALIZATION_PREFERS_STRING_CATALOGS = YES;
				MTL_ENABLE_DEBUG_INFO = INCLUDE_SOURCE;
				MTL_FAST_MATH = YES;
				ONLY_ACTIVE_ARCH = YES;
				PRODUCT_NAME = "$(TARGET_NAME)";
				SDKROOT = iphoneos;
				STRING_CATALOG_GENERATE_SYMBOLS = YES;
				SWIFT_ACTIVE_COMPILATION_CONDITIONS = DEBUG;
				SWIFT_APPROACHABLE_CONCURRENCY = YES;
				SWIFT_DEFAULT_ACTOR_ISOLATION = MainActor;
				SWIFT_EMIT_LOC_STRINGS = YES;
				SWIFT_OPTIMIZATION_LEVEL = "-Onone";
				SWIFT_UPCOMING_FEATURE_MEMBER_IMPORT_VISIBILITY = YES;
				SWIFT_VERSION = 5.0;
			};
			name = Debug;
		};
		B6D75A738ADE5E276580D434 /* Release */ = {
			isa = XCBuildConfiguration;
			buildSettings = {
				ASSETCATALOG_COMPILER_APPICON_NAME = AppIcon;
				ASSETCATALOG_COMPILER_GENERATE_SWIFT_ASSET_SYMBOL_EXTENSIONS = YES;
				ASSETCATALOG_COMPILER_GLOBAL_ACCENT_COLOR_NAME = AccentColor;
				CODE_SIGN_IDENTITY = "iPhone Developer";
				CODE_SIGN_STYLE = Automatic;
				CURRENT_PROJECT_VERSION = 1;
				DEVELOPMENT_TEAM = 6WCYZER5LX;
				ENABLE_PREVIEWS = YES;
				GENERATE_INFOPLIST_FILE = YES;
				HEADER_SEARCH_PATHS = (
					"$(SRCROOT)/../app/ThirdParty/demucs.cpp/src",
					"$(SRCROOT)/../app/ThirdParty/demucs.cpp/vendor/eigen",
				);
				INFOPLIST_FILE = NeuralSheet/Info.plist;
				IPHONEOS_DEPLOYMENT_TARGET = 26.0;
				LD_RUNPATH_SEARCH_PATHS = (
					"$(inherited)",
					"@executable_path/Frameworks",
				);
				"LIBRARY_SEARCH_PATHS[sdk=iphoneos*]" = "$(SRCROOT)/../app/build/engine/ios/lib";
				"LIBRARY_SEARCH_PATHS[sdk=iphonesimulator*]" = "$(SRCROOT)/../app/build/engine/iossimulator/lib";
				MARKETING_VERSION = 1.1.0;
				OTHER_LDFLAGS = (
					"-ldemucs",
					"-framework Metal",
					"-framework Accelerate",
				);
				PRODUCT_BUNDLE_IDENTIFIER = com.quassum.neuralsheet.ios;
				PRODUCT_NAME = NeuralSheet;
				SDKROOT = iphoneos;
				SWIFT_OBJC_BRIDGING_HEADER = "NeuralSheet/NeuralSheet-Bridging-Header.h";
				TARGETED_DEVICE_FAMILY = "1,2";
			};
			name = Release;
		};
		D480A6736DA21AEAA6653483 /* Debug */ = {
			isa = XCBuildConfiguration;
			buildSettings = {
				ASSETCATALOG_COMPILER_APPICON_NAME = AppIcon;
				ASSETCATALOG_COMPILER_GENERATE_SWIFT_ASSET_SYMBOL_EXTENSIONS = YES;
				ASSETCATALOG_COMPILER_GLOBAL_ACCENT_COLOR_NAME = AccentColor;
				CODE_SIGN_IDENTITY = "iPhone Developer";
				CODE_SIGN_STYLE = Automatic;
				CURRENT_PROJECT_VERSION = 1;
				DEVELOPMENT_TEAM = 6WCYZER5LX;
				ENABLE_PREVIEWS = YES;
				GENERATE_INFOPLIST_FILE = YES;
				HEADER_SEARCH_PATHS = (
					"$(SRCROOT)/../app/ThirdParty/demucs.cpp/src",
					"$(SRCROOT)/../app/ThirdParty/demucs.cpp/vendor/eigen",
				);
				INFOPLIST_FILE = NeuralSheet/Info.plist;
				IPHONEOS_DEPLOYMENT_TARGET = 26.0;
				LD_RUNPATH_SEARCH_PATHS = (
					"$(inherited)",
					"@executable_path/Frameworks",
				);
				"LIBRARY_SEARCH_PATHS[sdk=iphoneos*]" = "$(SRCROOT)/../app/build/engine/ios/lib";
				"LIBRARY_SEARCH_PATHS[sdk=iphonesimulator*]" = "$(SRCROOT)/../app/build/engine/iossimulator/lib";
				MARKETING_VERSION = 1.1.0;
				OTHER_LDFLAGS = (
					"-ldemucs",
					"-framework Metal",
					"-framework Accelerate",
				);
				PRODUCT_BUNDLE_IDENTIFIER = com.quassum.neuralsheet.ios;
				PRODUCT_NAME = NeuralSheet;
				SDKROOT = iphoneos;
				SWIFT_OBJC_BRIDGING_HEADER = "NeuralSheet/NeuralSheet-Bridging-Header.h";
				TARGETED_DEVICE_FAMILY = "1,2";
			};
			name = Debug;
		};
/* End XCBuildConfiguration section */

/* Begin XCConfigurationList section */
		A04DB60C19961CF5B540E6E1 /* Build configuration list for PBXNativeTarget "NeuralSheet" */ = {
			isa = XCConfigurationList;
			buildConfigurations = (
				D480A6736DA21AEAA6653483 /* Debug */,
				B6D75A738ADE5E276580D434 /* Release */,
			);
			defaultConfigurationIsVisible = 0;
			defaultConfigurationName = Debug;
		};
		AA2654F657AD8164FF9CFD34 /* Build configuration list for PBXProject "NeuralSheet-iOS" */ = {
			isa = XCConfigurationList;
			buildConfigurations = (
				57C9CFCD22E54BB09FFA4DD5 /* Debug */,
				335BE42F9C80EE51DA7D8B6F /* Release */,
			);
			defaultConfigurationIsVisible = 0;
			defaultConfigurationName = Debug;
		};
/* End XCConfigurationList section */

/* Begin XCLocalSwiftPackageReference section */
		26F519F5F1000FF9EFCA4C86 /* XCLocalSwiftPackageReference "../app/Packages/NeuralSheetEngine" */ = {
			isa = XCLocalSwiftPackageReference;
			relativePath = ../app/Packages/NeuralSheetEngine;
		};
		B7B6768F8AFF89705E2FFB2D /* XCLocalSwiftPackageReference "../app/Packages/NeuralSheetCore" */ = {
			isa = XCLocalSwiftPackageReference;
			relativePath = ../app/Packages/NeuralSheetCore;
		};
/* End XCLocalSwiftPackageReference section */

/* Begin XCSwiftPackageProductDependency section */
		29498518F436E7FC865537DC /* NeuralSheetEngine */ = {
			isa = XCSwiftPackageProductDependency;
			productName = NeuralSheetEngine;
		};
		29C282FB9AA070942A5DC935 /* NeuralSheetCore */ = {
			isa = XCSwiftPackageProductDependency;
			productName = NeuralSheetCore;
		};
/* End XCSwiftPackageProductDependency section */
	};
	rootObject = 492061A242D07609A8A3CE77 /* Project object */;
}
